
Microsoft Visual Studio Solution File, Format Version 12.00
# Visual Studio Version 17
VisualStudioVersion = 17.11.35312.102
MinimumVisualStudioVersion = 10.0.40219.1
Project("{2150E333-8FDC-42A3-9474-1A3956D46DE8}") = "Core", "Core", "{5588BC7D-353E-4EC9-BEF6-169D8B57B349}"
EndProject
Project("{FAE04EC0-301F-11D3-BF4B-00C04F79EFBC}") = "UdemyCarBook.Domain", "Core\UdemyCarBook.Domain\UdemyCarBook.Domain.csproj", "{23F8698B-1B82-4D31-9C81-D2D84EFDA437}"
EndProject
Global
	GlobalSection(SolutionConfigurationPlatforms) = preSolution
		Debug|Any CPU = Debug|Any CPU
		Release|Any CPU = Release|Any CPU
	EndGlobalSection
	GlobalSection(ProjectConfigurationPlatforms) = postSolution
		{23F8698B-1B82-4D31-9C81-D2D84EFDA437}.Debug|Any CPU.ActiveCfg = Debug|Any CPU
		{23F8698B-1B82-4D31-9C81-D2D84EFDA437}.Debug|Any CPU.Build.0 = Debug|Any CPU
		{23F8698B-1B82-4D31-9C81-D2D84EFDA437}.Release|Any CPU.ActiveCfg = Release|Any CPU
		{23F8698B-1B82-4D31-9C81-D2D84EFDA437}.Release|Any CPU.Build.0 = Release|Any CPU
	EndGlobalSection
	GlobalSection(SolutionProperties) = preSolution
		HideSolutionNode = FALSE
	EndGlobalSection
	GlobalSection(NestedProjects) = preSolution
		{23F8698B-1B82-4D31-9C81-D2D84EFDA437} = {5588BC7D-353E-4EC9-BEF6-169D8B57B349}
	EndGlobalSection
	GlobalSection(ExtensibilityGlobals) = postSolution
		SolutionGuid = {D9433CD6-C01E-43F6-A9ED-C4D454AA3674}
	EndGlobalSection
EndGlobal
